
Microsoft Visual Studio Solution File, Format Version 12.00
# Visual Studio 15
VisualStudioVersion = 15.0.28307.705
MinimumVisualStudioVersion = 10.0.40219.1
Project("{FAE04EC0-301F-11D3-BF4B-00C04F79EFBC}") = "HomeWork_08_08_19", "HomeWork_08_08_19.csproj", "{E2CD24AF-D452-454E-9AFC-D7D15AC638EC}"
EndProject
Project("{FAE04EC0-301F-11D3-BF4B-00C04F79EFBC}") = "Threads", "..\Threads\Threads.csproj", "{70EC0871-EDC7-421D-BB9F-30FB721D6F3A}"
EndProject
Project("{FAE04EC0-301F-11D3-BF4B-00C04F79EFBC}") = "Asynchronic", "Asynchronic\Asynchronic.csproj", "{E6CEBA3C-D876-4F53-9F35-5CAB43B27D5B}"
EndProject
Global
	GlobalSection(SolutionConfigurationPlatforms) = preSolution
		Debug|Any CPU = Debug|Any CPU
		Release|Any CPU = Release|Any CPU
	EndGlobalSection
	GlobalSection(ProjectConfigurationPlatforms) = postSolution
		{E2CD24AF-D452-454E-9AFC-D7D15AC638EC}.Debug|Any CPU.ActiveCfg = Debug|Any CPU
		{E2CD24AF-D452-454E-9AFC-D7D15AC638EC}.Debug|Any CPU.Build.0 = Debug|Any CPU
		{E2CD24AF-D452-454E-9AFC-D7D15AC638EC}.Release|Any CPU.ActiveCfg = Release|Any CPU
		{E2CD24AF-D452-454E-9AFC-D7D15AC638EC}.Release|Any CPU.Build.0 = Release|Any CPU
		{70EC0871-EDC7-421D-BB9F-30FB721D6F3A}.Debug|Any CPU.ActiveCfg = Debug|Any CPU
		{70EC0871-EDC7-421D-BB9F-30FB721D6F3A}.Debug|Any CPU.Build.0 = Debug|Any CPU
		{70EC0871-EDC7-421D-BB9F-30FB721D6F3A}.Release|Any CPU.ActiveCfg = Release|Any CPU
		{70EC0871-EDC7-421D-BB9F-30FB721D6F3A}.Release|Any CPU.Build.0 = Release|Any CPU
		{E6CEBA3C-D876-4F53-9F35-5CAB43B27D5B}.Debug|Any CPU.ActiveCfg = Debug|Any CPU
		{E6CEBA3C-D876-4F53-9F35-5CAB43B27D5B}.Debug|Any CPU.Build.0 = Debug|Any CPU
		{E6CEBA3C-D876-4F53-9F35-5CAB43B27D5B}.Release|Any CPU.ActiveCfg = Release|Any CPU
		{E6CEBA3C-D876-4F53-9F35-5CAB43B27D5B}.Release|Any CPU.Build.0 = Release|Any CPU
	EndGlobalSection
	GlobalSection(SolutionProperties) = preSolution
		HideSolutionNode = FALSE
	EndGlobalSection
	GlobalSection(ExtensibilityGlobals) = postSolution
		SolutionGuid = {47D13DE5-A646-4C81-A383-A1C9570729AD}
	EndGlobalSection
EndGlobal
